
Microsoft Visual Studio Solution File, Format Version 12.00
# Visual Studio Version 16
VisualStudioVersion = 16.0.31702.278
MinimumVisualStudioVersion = 10.0.40219.1
Project("{2150E333-8FDC-42A3-9474-1A3956D46DE8}") = "Services", "Services", "{50796D2F-B89F-404C-8C17-4B8711B7E1AD}"
EndProject
Project("{2150E333-8FDC-42A3-9474-1A3956D46DE8}") = "Catalog", "Catalog", "{92234758-038E-4303-A7FE-62C5F0AD269A}"
EndProject
Project("{FAE04EC0-301F-11D3-BF4B-00C04F79EFBC}") = "Catalog.API", "Services\Catalog\Catalog.API\Catalog.API.csproj", "{F7537720-0F57-4E67-BBD2-E1B7F47A870D}"
EndProject
Global
	GlobalSection(SolutionConfigurationPlatforms) = preSolution
		Debug|Any CPU = Debug|Any CPU
		Release|Any CPU = Release|Any CPU
	EndGlobalSection
	GlobalSection(ProjectConfigurationPlatforms) = postSolution
		{F7537720-0F57-4E67-BBD2-E1B7F47A870D}.Debug|Any CPU.ActiveCfg = Debug|Any CPU
		{F7537720-0F57-4E67-BBD2-E1B7F47A870D}.Debug|Any CPU.Build.0 = Debug|Any CPU
		{F7537720-0F57-4E67-BBD2-E1B7F47A870D}.Release|Any CPU.ActiveCfg = Release|Any CPU
		{F7537720-0F57-4E67-BBD2-E1B7F47A870D}.Release|Any CPU.Build.0 = Release|Any CPU
	EndGlobalSection
	GlobalSection(SolutionProperties) = preSolution
		HideSolutionNode = FALSE
	EndGlobalSection
	GlobalSection(NestedProjects) = preSolution
		{92234758-038E-4303-A7FE-62C5F0AD269A} = {50796D2F-B89F-404C-8C17-4B8711B7E1AD}
		{F7537720-0F57-4E67-BBD2-E1B7F47A870D} = {92234758-038E-4303-A7FE-62C5F0AD269A}
	EndGlobalSection
	GlobalSection(ExtensibilityGlobals) = postSolution
		SolutionGuid = {7CD8217B-B0FF-4277-B496-90FF71D0A6CE}
	EndGlobalSection
EndGlobal
